
Microsoft Visual Studio Solution File, Format Version 12.00
Project("{FAE04EC0-301F-11D3-BF4B-00C04F79EFBC}") = "Cervantes.Web", "Cervantes.Web\Cervantes.Web.csproj", "{012352E3-AD4B-4C7E-AC85-0098598DC01C}"
EndProject
Project("{FAE04EC0-301F-11D3-BF4B-00C04F79EFBC}") = "Cervantes.CORE", "Cervantes.CORE\Cervantes.CORE.csproj", "{699AC413-C2C1-4F02-B75A-F971F4E414BA}"
EndProject
Project("{FAE04EC0-301F-11D3-BF4B-00C04F79EFBC}") = "Cervantes.DAL", "Cervantes.DAL\Cervantes.DAL.csproj", "{EC998F6F-FF5C-45FA-9112-F717CAB48D9D}"
EndProject
Project("{FAE04EC0-301F-11D3-BF4B-00C04F79EFBC}") = "Cervantes.IFR", "Cervantes.IFR\Cervantes.IFR.csproj", "{6A02F3D4-B941-41EF-B7E0-D3F235EB6FD9}"
EndProject
Project("{FAE04EC0-301F-11D3-BF4B-00C04F79EFBC}") = "Cervantes.Application", "Cervantes.Application\Cervantes.Application.csproj", "{8E86CC9D-385C-4EA6-9E37-D51930E0B6EE}"
EndProject
Project("{FAE04EC0-301F-11D3-BF4B-00C04F79EFBC}") = "Cervantes.Contracts", "Cervantes.Contracts\Cervantes.Contracts.csproj", "{4534F2A9-9B07-407E-A847-58467B4C0B4D}"
EndProject
Global
	GlobalSection(SolutionConfigurationPlatforms) = preSolution
		Debug|Any CPU = Debug|Any CPU
		Release|Any CPU = Release|Any CPU
	EndGlobalSection
	GlobalSection(ProjectConfigurationPlatforms) = postSolution
		{012352E3-AD4B-4C7E-AC85-0098598DC01C}.Debug|Any CPU.ActiveCfg = Debug|Any CPU
		{012352E3-AD4B-4C7E-AC85-0098598DC01C}.Debug|Any CPU.Build.0 = Debug|Any CPU
		{012352E3-AD4B-4C7E-AC85-0098598DC01C}.Release|Any CPU.ActiveCfg = Release|Any CPU
		{012352E3-AD4B-4C7E-AC85-0098598DC01C}.Release|Any CPU.Build.0 = Release|Any CPU
		{699AC413-C2C1-4F02-B75A-F971F4E414BA}.Debug|Any CPU.ActiveCfg = Debug|Any CPU
		{699AC413-C2C1-4F02-B75A-F971F4E414BA}.Debug|Any CPU.Build.0 = Debug|Any CPU
		{699AC413-C2C1-4F02-B75A-F971F4E414BA}.Release|Any CPU.ActiveCfg = Release|Any CPU
		{699AC413-C2C1-4F02-B75A-F971F4E414BA}.Release|Any CPU.Build.0 = Release|Any CPU
		{EC998F6F-FF5C-45FA-9112-F717CAB48D9D}.Debug|Any CPU.ActiveCfg = Debug|Any CPU
		{EC998F6F-FF5C-45FA-9112-F717CAB48D9D}.Debug|Any CPU.Build.0 = Debug|Any CPU
		{EC998F6F-FF5C-45FA-9112-F717CAB48D9D}.Release|Any CPU.ActiveCfg = Release|Any CPU
		{EC998F6F-FF5C-45FA-9112-F717CAB48D9D}.Release|Any CPU.Build.0 = Release|Any CPU
		{6A02F3D4-B941-41EF-B7E0-D3F235EB6FD9}.Debug|Any CPU.ActiveCfg = Debug|Any CPU
		{6A02F3D4-B941-41EF-B7E0-D3F235EB6FD9}.Debug|Any CPU.Build.0 = Debug|Any CPU
		{6A02F3D4-B941-41EF-B7E0-D3F235EB6FD9}.Release|Any CPU.ActiveCfg = Release|Any CPU
		{6A02F3D4-B941-41EF-B7E0-D3F235EB6FD9}.Release|Any CPU.Build.0 = Release|Any CPU
		{8E86CC9D-385C-4EA6-9E37-D51930E0B6EE}.Debug|Any CPU.ActiveCfg = Debug|Any CPU
		{8E86CC9D-385C-4EA6-9E37-D51930E0B6EE}.Debug|Any CPU.Build.0 = Debug|Any CPU
		{8E86CC9D-385C-4EA6-9E37-D51930E0B6EE}.Release|Any CPU.ActiveCfg = Release|Any CPU
		{8E86CC9D-385C-4EA6-9E37-D51930E0B6EE}.Release|Any CPU.Build.0 = Release|Any CPU
		{4534F2A9-9B07-407E-A847-58467B4C0B4D}.Debug|Any CPU.ActiveCfg = Debug|Any CPU
		{4534F2A9-9B07-407E-A847-58467B4C0B4D}.Debug|Any CPU.Build.0 = Debug|Any CPU
		{4534F2A9-9B07-407E-A847-58467B4C0B4D}.Release|Any CPU.ActiveCfg = Release|Any CPU
		{4534F2A9-9B07-407E-A847-58467B4C0B4D}.Release|Any CPU.Build.0 = Release|Any CPU
	EndGlobalSection
EndGlobal
